
Microsoft Visual Studio Solution File, Format Version 12.00
# Visual Studio Version 17
VisualStudioVersion = 17.7.34024.191
MinimumVisualStudioVersion = 10.0.40219.1
Project("{FAE04EC0-301F-11D3-BF4B-00C04F79EFBC}") = "Тумаков 6 лаб", "Тумаков 6 лаб\Тумаков 6 лаб.csproj", "{F7322123-F100-46D4-83E4-1422556DF7CA}"
EndProject
Global
	GlobalSection(SolutionConfigurationPlatforms) = preSolution
		Debug|Any CPU = Debug|Any CPU
		Release|Any CPU = Release|Any CPU
	EndGlobalSection
	GlobalSection(ProjectConfigurationPlatforms) = postSolution
		{F7322123-F100-46D4-83E4-1422556DF7CA}.Debug|Any CPU.ActiveCfg = Debug|Any CPU
		{F7322123-F100-46D4-83E4-1422556DF7CA}.Debug|Any CPU.Build.0 = Debug|Any CPU
		{F7322123-F100-46D4-83E4-1422556DF7CA}.Release|Any CPU.ActiveCfg = Release|Any CPU
		{F7322123-F100-46D4-83E4-1422556DF7CA}.Release|Any CPU.Build.0 = Release|Any CPU
	EndGlobalSection
	GlobalSection(SolutionProperties) = preSolution
		HideSolutionNode = FALSE
	EndGlobalSection
	GlobalSection(ExtensibilityGlobals) = postSolution
		SolutionGuid = {81FAA666-D08F-4EDC-B183-3ACC15FD9981}
	EndGlobalSection
EndGlobal
